
Microsoft Visual Studio Solution File, Format Version 12.00
# Visual Studio Version 16
VisualStudioVersion = 16.0.29926.136
MinimumVisualStudioVersion = 10.0.40219.1
Project("{FAE04EC0-301F-11D3-BF4B-00C04F79EFBC}") = "RetroPiDay", "RetroPiDay\RetroPiDay.csproj", "{2E018E91-5B5E-4497-9056-9C14C7C154AE}"
EndProject
Global
	GlobalSection(SolutionConfigurationPlatforms) = preSolution
		Debug|Any CPU = Debug|Any CPU
		Release|Any CPU = Release|Any CPU
	EndGlobalSection
	GlobalSection(ProjectConfigurationPlatforms) = postSolution
		{2E018E91-5B5E-4497-9056-9C14C7C154AE}.Debug|Any CPU.ActiveCfg = Debug|Any CPU
		{2E018E91-5B5E-4497-9056-9C14C7C154AE}.Debug|Any CPU.Build.0 = Debug|Any CPU
		{2E018E91-5B5E-4497-9056-9C14C7C154AE}.Release|Any CPU.ActiveCfg = Release|Any CPU
		{2E018E91-5B5E-4497-9056-9C14C7C154AE}.Release|Any CPU.Build.0 = Release|Any CPU
	EndGlobalSection
	GlobalSection(SolutionProperties) = preSolution
		HideSolutionNode = FALSE
	EndGlobalSection
	GlobalSection(ExtensibilityGlobals) = postSolution
		SolutionGuid = {AA396A9D-B37C-40DC-B1DA-65A8630022C2}
	EndGlobalSection
EndGlobal
